PODS:
  - AFNetworking (4.0.1):
    - AFNetworking/NSURLSession (= 4.0.1)
    - AFNetworking/Reachability (= 4.0.1)
    - AFNetworking/Security (= 4.0.1)
    - AFNetworking/Serialization (= 4.0.1)
    - AFNetworking/UIKit (= 4.0.1)
  - AFNetworking/NSURLSession (4.0.1):
    - AFNetworking/Reachability
    - AFNetworking/Security
    - AFNetworking/Serialization
  - AFNetworking/Reachability (4.0.1)
  - AFNetworking/Security (4.0.1)
  - AFNetworking/Serialization (4.0.1)
  - AFNetworking/UIKit (4.0.1):
    - AFNetworking/NSURLSession
  - AlipaySDK-iOS (15.7.9)
  - CYLTabBarController (1.29.0):
    - CYLTabBarController/Core (= 1.29.0)
  - CYLTabBarController/Core (1.29.0)
  - DZNEmptyDataSet (1.8.1)
  - IQKeyboardManager (6.5.6)
  - JXCategoryView (1.5.9)
  - lottie-ios (2.5.3)
  - Masonry (1.1.0)
  - MBProgressHUD (1.2.0)
  - MJExtension (3.3.0)
  - MJRefresh (3.6.1)
  - SDCycleScrollView (1.82):
    - SDWebImage (>= 5.0.0)
  - SDWebImage (5.9.0):
    - SDWebImage/Core (= 5.9.0)
  - SDWebImage/Core (5.9.0)
  - TZImagePickerController (3.6.0)
  - WechatOpenSDK (1.8.7.1)
  - YBImageBrowser (3.0.9):
    - YBImageBrowser/Core (= 3.0.9)
  - YBImageBrowser/Core (3.0.9):
    - SDWebImage (>= 5.0.0)
    - YYImage
  - YYImage (1.0.4):
    - YYImage/Core (= 1.0.4)
  - YYImage/Core (1.0.4)
  - ZFPlayer (4.0.1):
    - ZFPlayer/Core (= 4.0.1)
  - ZFPlayer/AVPlayer (4.0.1):
    - ZFPlayer/Core
  - ZFPlayer/ControlView (4.0.1):
    - ZFPlayer/Core
  - ZFPlayer/Core (4.0.1)

DEPENDENCIES:
  - AFNetworking
  - AlipaySDK-iOS
  - CYLTabBarController
  - DZNEmptyDataSet
  - IQKeyboardManager
  - JXCategoryView
  - lottie-ios (~> 2.5.2)
  - Masonry
  - MBProgressHUD
  - MJExtension
  - MJRefresh
  - SDCycleScrollView
  - TZImagePickerController
  - WechatOpenSDK
  - YBImageBrowser (~> 3.0.9)
  - ZFPlayer (~> 4.0)
  - ZFPlayer/AVPlayer
  - ZFPlayer/ControlView

SPEC REPOS:
  trunk:
    - AFNetworking
    - AlipaySDK-iOS
    - CYLTabBarController
    - DZNEmptyDataSet
    - IQKeyboardManager
    - JXCategoryView
    - lottie-ios
    - Masonry
    - MBProgressHUD
    - MJExtension
    - MJRefresh
    - SDCycleScrollView
    - SDWebImage
    - TZImagePickerController
    - WechatOpenSDK
    - YBImageBrowser
    - YYImage
    - ZFPlayer

SPEC CHECKSUMS:
  AFNetworking: 7864c38297c79aaca1500c33288e429c3451fdce
  AlipaySDK-iOS: 94ff4c0e17c5e7d126b8207596d5033006534c25
  CYLTabBarController: f5460b8446f82d016945d4d53895a1ef185b79e3
  DZNEmptyDataSet: 9525833b9e68ac21c30253e1d3d7076cc828eaa7
  IQKeyboardManager: 2a6e97afdafc7becf0cb17a9a8d795e3a980717f
  JXCategoryView: 2ef9ecfd3735158d009ce02d1f29811aa822da65
  lottie-ios: a50d5c0160425cd4b01b852bb9578963e6d92d31
  Masonry: 678fab65091a9290e40e2832a55e7ab731aad201
  MBProgressHUD: 3ee5efcc380f6a79a7cc9b363dd669c5e1ae7406
  MJExtension: 01704cca2b60a214c10761b6491eab74069d68a9
  MJRefresh: d2c1970d1cf6e77fcfcdfe76c943dfab8dbfa5c1
  SDCycleScrollView: a0d74c3384caa72bdfc81470bdbc8c14b3e1fbcf
  SDWebImage: 62ae4a18473520c67b79e9724c31a63599cc9423
  TZImagePickerController: a37d7eec87c54436e896a67947033ad2178d498b
  WechatOpenSDK: 6a4d1436c15b3b5fe2a0bd383f3046010186da44
  YBImageBrowser: 7ecc8bf33ffa5f3b94c397c29b4f3638dd37f527
  YYImage: 1e1b62a9997399593e4b9c4ecfbbabbf1d3f3b54
  ZFPlayer: f88787c815f7b0801279c42f131a89e2823e669e

PODFILE CHECKSUM: 81f917de3018d4004a71e777ef777ff44623682b

COCOAPODS: 1.10.1
